
Microsoft Visual Studio Solution File, Format Version 12.00
# Visual Studio Version 17
VisualStudioVersion = 17.7.34024.191
MinimumVisualStudioVersion = 10.0.40219.1
Project("{FAE04EC0-301F-11D3-BF4B-00C04F79EFBC}") = "Week13SQL", "Week13SQL\Week13SQL.csproj", "{06CC3C2A-C277-4220-8ED3-3D93EBD01757}"
EndProject
Global
	GlobalSection(SolutionConfigurationPlatforms) = preSolution
		Debug|Any CPU = Debug|Any CPU
		Release|Any CPU = Release|Any CPU
	EndGlobalSection
	GlobalSection(ProjectConfigurationPlatforms) = postSolution
		{06CC3C2A-C277-4220-8ED3-3D93EBD01757}.Debug|Any CPU.ActiveCfg = Debug|Any CPU
		{06CC3C2A-C277-4220-8ED3-3D93EBD01757}.Debug|Any CPU.Build.0 = Debug|Any CPU
		{06CC3C2A-C277-4220-8ED3-3D93EBD01757}.Release|Any CPU.ActiveCfg = Release|Any CPU
		{06CC3C2A-C277-4220-8ED3-3D93EBD01757}.Release|Any CPU.Build.0 = Release|Any CPU
	EndGlobalSection
	GlobalSection(SolutionProperties) = preSolution
		HideSolutionNode = FALSE
	EndGlobalSection
	GlobalSection(ExtensibilityGlobals) = postSolution
		SolutionGuid = {76AE1D16-7E55-490A-BBB1-D64974518293}
	EndGlobalSection
EndGlobal
